
Microsoft Visual Studio Solution File, Format Version 10.00
# Visual Studio 2008
Project("{FAE04EC0-301F-11D3-BF4B-00C04F79EFBC}") = "连连看看", "连连看看.csproj", "{06BD14D0-6A06-4942-B7B9-9D16B6803994}"
EndProject
Project("{54435603-DBB4-11D2-8724-00A0C9A8B90C}") = "连连看", "连连看\连连看.vdproj", "{93D8E2BC-2073-46E6-899D-91DBE179D9A3}"
EndProject
Global
	GlobalSection(SolutionConfigurationPlatforms) = preSolution
		Debug|Any CPU = Debug|Any CPU
		Release|Any CPU = Release|Any CPU
	EndGlobalSection
	GlobalSection(ProjectConfigurationPlatforms) = postSolution
		{06BD14D0-6A06-4942-B7B9-9D16B6803994}.Debug|Any CPU.ActiveCfg = Debug|Any CPU
		{06BD14D0-6A06-4942-B7B9-9D16B6803994}.Debug|Any CPU.Build.0 = Debug|Any CPU
		{06BD14D0-6A06-4942-B7B9-9D16B6803994}.Release|Any CPU.ActiveCfg = Release|Any CPU
		{06BD14D0-6A06-4942-B7B9-9D16B6803994}.Release|Any CPU.Build.0 = Release|Any CPU
		{93D8E2BC-2073-46E6-899D-91DBE179D9A3}.Debug|Any CPU.ActiveCfg = Debug
		{93D8E2BC-2073-46E6-899D-91DBE179D9A3}.Release|Any CPU.ActiveCfg = Release
	EndGlobalSection
	GlobalSection(SolutionProperties) = preSolution
		HideSolutionNode = FALSE
	EndGlobalSection
EndGlobal
